
Microsoft Visual Studio Solution File, Format Version 12.00
# Visual Studio 15
VisualStudioVersion = 15.0.26730.12
MinimumVisualStudioVersion = 10.0.40219.1
Project("{FAE04EC0-301F-11D3-BF4B-00C04F79EFBC}") = "Elogic.TestAspNetCore20.Api", "Elogic.TestAspNetCore20.Api\Elogic.TestAspNetCore20.Api.csproj", "{73B07F3C-301B-4AB2-8EE2-7CFAE9A730C6}"
EndProject
Global
	GlobalSection(SolutionConfigurationPlatforms) = preSolution
		Debug|Any CPU = Debug|Any CPU
		Release|Any CPU = Release|Any CPU
	EndGlobalSection
	GlobalSection(ProjectConfigurationPlatforms) = postSolution
		{73B07F3C-301B-4AB2-8EE2-7CFAE9A730C6}.Debug|Any CPU.ActiveCfg = Debug|Any CPU
		{73B07F3C-301B-4AB2-8EE2-7CFAE9A730C6}.Debug|Any CPU.Build.0 = Debug|Any CPU
		{73B07F3C-301B-4AB2-8EE2-7CFAE9A730C6}.Release|Any CPU.ActiveCfg = Release|Any CPU
		{73B07F3C-301B-4AB2-8EE2-7CFAE9A730C6}.Release|Any CPU.Build.0 = Release|Any CPU
	EndGlobalSection
	GlobalSection(SolutionProperties) = preSolution
		HideSolutionNode = FALSE
	EndGlobalSection
	GlobalSection(ExtensibilityGlobals) = postSolution
		SolutionGuid = {241E5DB0-7B36-4FE7-8067-BDE8AA109588}
	EndGlobalSection
EndGlobal
